github.com/hwipl/smc-go v0.0.0-20231018074847-5ce955879157 h1:Kw/9pKTyqJrVxvxJe5Nk4J8V5yrjlV1zsXjNQlO2cCg=
github.com/hwipl/smc-go v0.0.0-20231018074847-5ce955879157/go.mod h1:Zb9ygmxCGF3pW9Q2GC/Zlju64ne/hibdIqXjw0LoEa8=
golang.org/x/sys v0.13.0 h1:Af8nKPmuFypiUBjVoU9V20FiaFXOcuZI21p0ycVYYGE=
golang.org/x/sys v0.13.0/go.mod h1:oPkhp1MJrh7nUepCBck5+mAzfO9JrbApNNgaTdGDITg=
